
Microsoft Visual Studio Solution File, Format Version 11.00
# Visual Studio 2010
Project("{8BC9CEB8-8B4A-11D0-8D11-00A0C91BC942}") = "CcuSim", "CcuSim.vcxproj", "{EA6B9E41-42AF-D435-5CE0-C983F346805D}"
EndProject
Global
	GlobalSection(SolutionConfigurationPlatforms) = preSolution
		Debug|Win32 = Debug|Win32
		Release|Win32 = Release|Win32
	EndGlobalSection
	GlobalSection(ProjectConfigurationPlatforms) = postSolution
		{EA6B9E41-42AF-D435-5CE0-C983F346805D}.Debug|Win32.ActiveCfg = Debug|Win32
		{EA6B9E41-42AF-D435-5CE0-C983F346805D}.Debug|Win32.Build.0 = Debug|Win32
		{EA6B9E41-42AF-D435-5CE0-C983F346805D}.Release|Win32.ActiveCfg = Release|Win32
		{EA6B9E41-42AF-D435-5CE0-C983F346805D}.Release|Win32.Build.0 = Release|Win32
	EndGlobalSection
	GlobalSection(SolutionProperties) = preSolution
		HideSolutionNode = FALSE
	EndGlobalSection
EndGlobal
